{
  "lockfileVersion": 1,
  "configVersion": 0,
  "workspaces": {
    "": {
      "name": "com.basmilius.apple",
      "dependencies": {
        "@basmilius/apple-audio-source": "^0.14.1",
        "@basmilius/apple-sdk": "^0.14.1",
        "@basmilius/homey-common": "^1.25.0",
      },
      "devDependencies": {
        "@tsconfig/node22": "^22.0.6",
        "@types/homey": "npm:homey-apps-sdk-v3-types@^0.3.12",
        "@types/node": "^26.6.2",
        "hls.js": "^1.7.3",
        "typescript": "^6.0.3",
      },
    },
  },
  "packages": {
    "@basmilius/apple-airplay": ["@basmilius/apple-airplay@0.14.1", "", { "dependencies": { "@basmilius/apple-common": "0.14.1", "@basmilius/apple-encoding": "0.14.1", "@basmilius/apple-encryption": "0.14.1", "@basmilius/apple-rtsp": "0.14.1" } }, "sha512-IQkH5mqlQNkMbeMbMMJ0NP7/410Y6Xuf9Qv5//QbTkmJFE03GFWC//cQMdu63bDexdDjD5IiDs8phUJLPF38rQ=="],

    "@basmilius/apple-audio-source": ["@basmilius/apple-audio-source@0.14.1", "", { "dependencies": { "@basmilius/apple-common": "0.14.1" } }, "sha512-e3f0x5oJHySt/uBEoh9+7L75DfbIzzpVHUxjZkGnpO3zppMhrgcuoFyvUhhFtLSfRYel1Nxa8JbEjR+2oL5iZQ=="],

    "@basmilius/apple-common": ["@basmilius/apple-common@0.14.1", "", { "dependencies": { "@basmilius/apple-encoding": "0.14.1", "@basmilius/apple-encryption": "0.14.1" } }, "sha512-yHZwBJ0c2iWlwu2gKyQxWqwzzptfAlCThsMhEbWAPIi7OuWICL/g2hYE0JQn/ICJNntofR035WG9IfWiIm+4Rg=="],

    "@basmilius/apple-companion-link": ["@basmilius/apple-companion-link@0.14.1", "", { "dependencies": { "@basmilius/apple-common": "0.14.1", "@basmilius/apple-encoding": "0.14.1", "@basmilius/apple-encryption": "0.14.1" } }, "sha512-Mf5bzu1tcagFPvK1Gfh8Y+A5tvX8DFxmKilj8ykEqkpECIAceE4JOGt3dpvM1UDcSfRqMmrEjyt5j+zpgw+r2A=="],

    "@basmilius/apple-encoding": ["@basmilius/apple-encoding@0.14.1", "", {}, "sha512-JEN6AtMEK1Hbw7UQusTQjfDG7gVj1UHBVmRSn4cvY+ei+C2WLM4hlCWWYPNUjKLgDLHUY8t/rYrEa4CdNFI3dg=="],

    "@basmilius/apple-encryption": ["@basmilius/apple-encryption@0.14.1", "", {}, "sha512-iDfpKhNwFOhT9yhRcIPZ5fFKNCn/zPmyNbt8kDVxg5KnpmiNPBd3LdM1LOkOK6wxoBbYPcjw8s31W6ukuNVEdg=="],

    "@basmilius/apple-raop": ["@basmilius/apple-raop@0.14.1", "", { "dependencies": { "@basmilius/apple-common": "0.14.1", "@basmilius/apple-encoding": "0.14.1", "@basmilius/apple-encryption": "0.14.1", "@basmilius/apple-rtsp": "0.14.1" } }, "sha512-P7frQOx4qzPYMW44qNt1z1AkfunWRLualP6v55MOj3gaLUL3MqCBf0jRDuQ8zrI7pxJu2NZ0EfL8aY5e58yEiw=="],

    "@basmilius/apple-rtsp": ["@basmilius/apple-rtsp@0.14.1", "", { "dependencies": { "@basmilius/apple-common": "0.14.1", "@basmilius/apple-encoding": "0.14.1" } }, "sha512-9cM8pBypgbFDi07IKQ9nMLyg5E2Qd+w/EROKlsbkz+x2bZFoxkEkwHbI6BRp7yXfZszzDUl0O4wKoF0mnm34lg=="],

    "@basmilius/apple-sdk": ["@basmilius/apple-sdk@0.14.1", "", { "dependencies": { "@basmilius/apple-airplay": "0.14.1", "@basmilius/apple-common": "0.14.1", "@basmilius/apple-companion-link": "0.14.1", "@basmilius/apple-encoding": "0.14.1", "@basmilius/apple-raop": "0.14.1" } }, "sha512-+mor7AZrUMUQmRWAxj5wf9rxDxs2WqQSJMM6KBu/T7JcKrbwEInZ+ACmsorDMyxP5JXPJYNIvtFAoEW9pZcSTw=="],

    "@basmilius/homey-common": ["@basmilius/homey-common@1.25.0", "", { "dependencies": { "@tsconfig/node22": "^22.0.6" } }, "sha512-hmExesTqshMAas72t70EUWVmPYEt9RO4OQeAdIX28Uwvjkkn+UJi5AA0tk2YigadpVpPtf7zH5jDIYVvb5G8Kw=="],

    "@tsconfig/node22": ["@tsconfig/node22@22.0.6", "", {}, "sha512-/5thavHAnWDZwH2H6eEn/T8pBEBhtuKaWGMslsj82kJfvzQgOgEMK7X4goBbIUjgVtAzPTtM9Ml64LA0uxO6Iw=="],

    "@types/homey": ["homey-apps-sdk-v3-types@0.3.12", "", { "dependencies": { "@types/node": "^14.14.20" } }, "sha512-xr275VoF7FAiTi6PzElqHWpuGgSBY9hZFZsKeCTA4rluopf8sVk6zUPa+giSRSTiTrN3N3QjmHD5lUoNVwYd4g=="],

    "@types/node": ["@types/node@26.6.2", "", { "dependencies": { "undici-types": "~8.9.0" } }, "sha512-X1P21scMv4zGKLYqjdGjaKa7COa0RKVYYZZN/NfvLQ1JegxFhdhpZG/Lyn8AXx6CDUavKAd11v6BvfpkDByK8g=="],

    "hls.js": ["hls.js@1.7.3", "", {}, "sha512-MsPlx6yVW4Qv4C7mEVou4/gk/5cN2dVxOTnrNjPSmyH2f0Ln+/UkG10Ax1PE6OvrmTVPKgQYozTtBaPOuCzq7A=="],

    "typescript": ["typescript@6.0.3", "", { "bin": { "tsc": "bin/tsc", "tsserver": "bin/tsserver" } }, "sha512-y2TvuxSZPDyQakkFRPZHKFm+KKVqIisdg9/CZwm9ftvKXLP8NRWj38/ODjNbr43SsoXqNuAisEf1GdCxqWcdBw=="],

    "undici-types": ["undici-types@8.9.0", "", {}, "sha512-KTDyRTYX8sWmKXAikPHHSyc63CRPETMctyjKFupcC6OBLXT3xsN0e9aF7m+mIXutFWpUXuedtowG7iLOzp0kQg=="],

    "@types/homey/@types/node": ["@types/node@14.18.63", "", {}, "sha512-fAtCfv4jJg+ExtXhvCkCqUKZ+4ok/JQk01qDKhL5BDDoS3AxKXhV5/MAVUZyQnSEd2GT92fkgZl0pz0Q0AzcIQ=="],
  }
}
